
Microsoft Visual Studio Solution File, Format Version 12.00
# Visual Studio Version 17
VisualStudioVersion = 17.9.34714.143
MinimumVisualStudioVersion = 10.0.40219.1
Project("{FAE04EC0-301F-11D3-BF4B-00C04F79EFBC}") = "PassIn.Api", "PassIn.Api\PassIn.Api.csproj", "{28CA6977-17B4-4204-9630-2AF272E258F6}"
EndProject
Project("{FAE04EC0-301F-11D3-BF4B-00C04F79EFBC}") = "PassIn.Application", "PassIn.Application\PassIn.Application.csproj", "{70106255-09AA-4851-ADCF-BF23EB37CD77}"
EndProject
Project("{FAE04EC0-301F-11D3-BF4B-00C04F79EFBC}") = "PassIn.Communication", "PassIn.Communication\PassIn.Communication.csproj", "{0822D27A-8413-4F29-A07B-6E36A807957B}"
EndProject
Project("{FAE04EC0-301F-11D3-BF4B-00C04F79EFBC}") = "PassIn.Exceptions", "PassIn.Exceptions\PassIn.Exceptions.csproj", "{57B360FE-AACE-4B63-97E9-15BF4D91E6F8}"
EndProject
Project("{FAE04EC0-301F-11D3-BF4B-00C04F79EFBC}") = "PassIn.Infrastructure", "PassIn.Infrastructure\PassIn.Infrastructure.csproj", "{D5734937-E0BD-4476-8B87-16DA78AE37A6}"
EndProject
Global
	GlobalSection(SolutionConfigurationPlatforms) = preSolution
		Debug|Any CPU = Debug|Any CPU
		Release|Any CPU = Release|Any CPU
	EndGlobalSection
	GlobalSection(ProjectConfigurationPlatforms) = postSolution
		{28CA6977-17B4-4204-9630-2AF272E258F6}.Debug|Any CPU.ActiveCfg = Debug|Any CPU
		{28CA6977-17B4-4204-9630-2AF272E258F6}.Debug|Any CPU.Build.0 = Debug|Any CPU
		{28CA6977-17B4-4204-9630-2AF272E258F6}.Release|Any CPU.ActiveCfg = Release|Any CPU
		{28CA6977-17B4-4204-9630-2AF272E258F6}.Release|Any CPU.Build.0 = Release|Any CPU
		{70106255-09AA-4851-ADCF-BF23EB37CD77}.Debug|Any CPU.ActiveCfg = Debug|Any CPU
		{70106255-09AA-4851-ADCF-BF23EB37CD77}.Debug|Any CPU.Build.0 = Debug|Any CPU
		{70106255-09AA-4851-ADCF-BF23EB37CD77}.Release|Any CPU.ActiveCfg = Release|Any CPU
		{70106255-09AA-4851-ADCF-BF23EB37CD77}.Release|Any CPU.Build.0 = Release|Any CPU
		{0822D27A-8413-4F29-A07B-6E36A807957B}.Debug|Any CPU.ActiveCfg = Debug|Any CPU
		{0822D27A-8413-4F29-A07B-6E36A807957B}.Debug|Any CPU.Build.0 = Debug|Any CPU
		{0822D27A-8413-4F29-A07B-6E36A807957B}.Release|Any CPU.ActiveCfg = Release|Any CPU
		{0822D27A-8413-4F29-A07B-6E36A807957B}.Release|Any CPU.Build.0 = Release|Any CPU
		{57B360FE-AACE-4B63-97E9-15BF4D91E6F8}.Debug|Any CPU.ActiveCfg = Debug|Any CPU
		{57B360FE-AACE-4B63-97E9-15BF4D91E6F8}.Debug|Any CPU.Build.0 = Debug|Any CPU
		{57B360FE-AACE-4B63-97E9-15BF4D91E6F8}.Release|Any CPU.ActiveCfg = Release|Any CPU
		{57B360FE-AACE-4B63-97E9-15BF4D91E6F8}.Release|Any CPU.Build.0 = Release|Any CPU
		{D5734937-E0BD-4476-8B87-16DA78AE37A6}.Debug|Any CPU.ActiveCfg = Debug|Any CPU
		{D5734937-E0BD-4476-8B87-16DA78AE37A6}.Debug|Any CPU.Build.0 = Debug|Any CPU
		{D5734937-E0BD-4476-8B87-16DA78AE37A6}.Release|Any CPU.ActiveCfg = Release|Any CPU
		{D5734937-E0BD-4476-8B87-16DA78AE37A6}.Release|Any CPU.Build.0 = Release|Any CPU
	EndGlobalSection
	GlobalSection(SolutionProperties) = preSolution
		HideSolutionNode = FALSE
	EndGlobalSection
	GlobalSection(ExtensibilityGlobals) = postSolution
		SolutionGuid = {ADB4FBC0-50C5-4D65-831E-B92051276225}
	EndGlobalSection
EndGlobal
